
Microsoft Visual Studio Solution File, Format Version 12.00
# Visual Studio Version 17
VisualStudioVersion = 17.11.35327.3
MinimumVisualStudioVersion = 10.0.40219.1
Project("{FAE04EC0-301F-11D3-BF4B-00C04F79EFBC}") = "NoInterface", "NoInterface.csproj", "{A874D125-FF51-4435-BCE8-AA2170E30BFC}"
EndProject
Global
	GlobalSection(SolutionConfigurationPlatforms) = preSolution
		Debug|Any CPU = Debug|Any CPU
		Release|Any CPU = Release|Any CPU
	EndGlobalSection
	GlobalSection(ProjectConfigurationPlatforms) = postSolution
		{A874D125-FF51-4435-BCE8-AA2170E30BFC}.Debug|Any CPU.ActiveCfg = Debug|Any CPU
		{A874D125-FF51-4435-BCE8-AA2170E30BFC}.Debug|Any CPU.Build.0 = Debug|Any CPU
		{A874D125-FF51-4435-BCE8-AA2170E30BFC}.Release|Any CPU.ActiveCfg = Release|Any CPU
		{A874D125-FF51-4435-BCE8-AA2170E30BFC}.Release|Any CPU.Build.0 = Release|Any CPU
	EndGlobalSection
	GlobalSection(SolutionProperties) = preSolution
		HideSolutionNode = FALSE
	EndGlobalSection
	GlobalSection(ExtensibilityGlobals) = postSolution
		SolutionGuid = {1027D456-CCB2-4B54-871D-09B09DB10300}
	EndGlobalSection
EndGlobal
